// !$*UTF8*$!
{
	archiveVersion = 1;
	classes = {
	};
	objectVersion = 56;
	objects = {

/* Begin PBXBuildFile section */
		269785B12AF24ED400D9829D /* SedinAssignmentApp.swift in Sources */ = {isa = PBXBuildFile; fileRef = 269785B02AF24ED400D9829D /* SedinAssignmentApp.swift */; };
		269785B52AF24ED900D9829D /* Assets.xcassets in Resources */ = {isa = PBXBuildFile; fileRef = 269785B42AF24ED900D9829D /* Assets.xcassets */; };
		269785C22AF275DC00D9829D /* User.swift in Sources */ = {isa = PBXBuildFile; fileRef = 269785C12AF275DC00D9829D /* User.swift */; };
		269785C62AF2773F00D9829D /* CardView.swift in Sources */ = {isa = PBXBuildFile; fileRef = 269785C52AF2773F00D9829D /* CardView.swift */; };
		269785C92AF277A000D9829D /* ImageView.swift in Sources */ = {isa = PBXBuildFile; fileRef = 269785C82AF277A000D9829D /* ImageView.swift */; };
		269785CC2AF278C800D9829D /* APIService.swift in Sources */ = {isa = PBXBuildFile; fileRef = 269785CB2AF278C800D9829D /* APIService.swift */; };
		269785CE2AF2797700D9829D /* APIManager.swift in Sources */ = {isa = PBXBuildFile; fileRef = 269785CD2AF2797700D9829D /* APIManager.swift */; };
		269785D12AF27BB700D9829D /* InternetChecker.swift in Sources */ = {isa = PBXBuildFile; fileRef = 269785D02AF27BB700D9829D /* InternetChecker.swift */; };
		269785D42AF280F900D9829D /* CheckNetworkView.swift in Sources */ = {isa = PBXBuildFile; fileRef = 269785D32AF280F900D9829D /* CheckNetworkView.swift */; };
		269785E22AF2906900D9829D /* SplashScreenView.swift in Sources */ = {isa = PBXBuildFile; fileRef = 269785E12AF2906900D9829D /* SplashScreenView.swift */; };
		269785E62AF2BA6500D9829D /* APIConfiguration.swift in Sources */ = {isa = PBXBuildFile; fileRef = 269785E52AF2BA6500D9829D /* APIConfiguration.swift */; };
/* End PBXBuildFile section */

/* Begin PBXFileReference section */
		269785AD2AF24ED300D9829D /* SedinAssignment.app */ = {isa = PBXFileReference; explicitFileType = wrapper.application; includeInIndex = 0; path = SedinAssignment.app; sourceTree = BUILT_PRODUCTS_DIR; };
		269785B02AF24ED400D9829D /* SedinAssignmentApp.swift */ = {isa = PBXFileReference; lastKnownFileType = sourcecode.swift; path = SedinAssignmentApp.swift; sourceTree = "<group>"; };
		269785B42AF24ED900D9829D /* Assets.xcassets */ = {isa = PBXFileReference; lastKnownFileType = folder.assetcatalog; path = Assets.xcassets; sourceTree = "<group>"; };
		269785C12AF275DC00D9829D /* User.swift */ = {isa = PBXFileReference; lastKnownFileType = sourcecode.swift; path = User.swift; sourceTree = "<group>"; };
		269785C52AF2773F00D9829D /* CardView.swift */ = {isa = PBXFileReference; lastKnownFileType = sourcecode.swift; path = CardView.swift; sourceTree = "<group>"; };
		269785C82AF277A000D9829D /* ImageView.swift */ = {isa = PBXFileReference; lastKnownFileType = sourcecode.swift; path = ImageView.swift; sourceTree = "<group>"; };
		269785CB2AF278C800D9829D /* APIService.swift */ = {isa = PBXFileReference; lastKnownFileType = sourcecode.swift; path = APIService.swift; sourceTree = "<group>"; };
		269785CD2AF2797700D9829D /* APIManager.swift */ = {isa = PBXFileReference; lastKnownFileType = sourcecode.swift; path = APIManager.swift; sourceTree = "<group>"; };
		269785D02AF27BB700D9829D /* InternetChecker.swift */ = {isa = PBXFileReference; lastKnownFileType = sourcecode.swift; path = InternetChecker.swift; sourceTree = "<group>"; };
		269785D32AF280F900D9829D /* CheckNetworkView.swift */ = {isa = PBXFileReference; lastKnownFileType = sourcecode.swift; path = CheckNetworkView.swift; sourceTree = "<group>"; };
		269785E12AF2906900D9829D /* SplashScreenView.swift */ = {isa = PBXFileReference; lastKnownFileType = sourcecode.swift; path = SplashScreenView.swift; sourceTree = "<group>"; };
		269785E52AF2BA6500D9829D /* APIConfiguration.swift */ = {isa = PBXFileReference; lastKnownFileType = sourcecode.swift; path = APIConfiguration.swift; sourceTree = "<group>"; };
/* End PBXFileReference section */

/* Begin PBXFrameworksBuildPhase section */
		269785AA2AF24ED300D9829D /* Frameworks */ = {
			isa = PBXFrameworksBuildPhase;
			buildActionMask = 2147483647;
			files = (
			);
			runOnlyForDeploymentPostprocessing = 0;
		};
/* End PBXFrameworksBuildPhase section */

/* Begin PBXGroup section */
		269785A42AF24ED300D9829D = {
			isa = PBXGroup;
			children = (
				269785E32AF2B7C800D9829D /* Helper */,
				269785E02AF2905500D9829D /* SplashScreenView */,
				269785BE2AF2754F00D9829D /* Models */,
				269785BF2AF275BA00D9829D /* Views */,
				269785AF2AF24ED300D9829D /* SedinAssignment */,
				269785AE2AF24ED300D9829D /* Products */,
			);
			sourceTree = "<group>";
		};
		269785AE2AF24ED300D9829D /* Products */ = {
			isa = PBXGroup;
			children = (
				269785AD2AF24ED300D9829D /* SedinAssignment.app */,
			);
			name = Products;
			sourceTree = "<group>";
		};
		269785AF2AF24ED300D9829D /* SedinAssignment */ = {
			isa = PBXGroup;
			children = (
				269785B02AF24ED400D9829D /* SedinAssignmentApp.swift */,
				269785B42AF24ED900D9829D /* Assets.xcassets */,
			);
			path = SedinAssignment;
			sourceTree = "<group>";
		};
		269785BE2AF2754F00D9829D /* Models */ = {
			isa = PBXGroup;
			children = (
				269785C12AF275DC00D9829D /* User.swift */,
			);
			path = Models;
			sourceTree = "<group>";
		};
		269785BF2AF275BA00D9829D /* Views */ = {
			isa = PBXGroup;
			children = (
				269785D22AF280BD00D9829D /* InternetConnectionView */,
				269785C72AF2777400D9829D /* ImageView */,
				269785C42AF2772400D9829D /* CardView */,
			);
			path = Views;
			sourceTree = "<group>";
		};
		269785C42AF2772400D9829D /* CardView */ = {
			isa = PBXGroup;
			children = (
				269785C52AF2773F00D9829D /* CardView.swift */,
			);
			path = CardView;
			sourceTree = "<group>";
		};
		269785C72AF2777400D9829D /* ImageView */ = {
			isa = PBXGroup;
			children = (
				269785C82AF277A000D9829D /* ImageView.swift */,
			);
			path = ImageView;
			sourceTree = "<group>";
		};
		269785CA2AF278B500D9829D /* Services */ = {
			isa = PBXGroup;
			children = (
				269785CF2AF27B8E00D9829D /* CheckInternetConnection */,
				269785CB2AF278C800D9829D /* APIService.swift */,
				269785CD2AF2797700D9829D /* APIManager.swift */,
				269785E52AF2BA6500D9829D /* APIConfiguration.swift */,
			);
			path = Services;
			sourceTree = "<group>";
		};
		269785CF2AF27B8E00D9829D /* CheckInternetConnection */ = {
			isa = PBXGroup;
			children = (
				269785D02AF27BB700D9829D /* InternetChecker.swift */,
			);
			path = CheckInternetConnection;
			sourceTree = "<group>";
		};
		269785D22AF280BD00D9829D /* InternetConnectionView */ = {
			isa = PBXGroup;
			children = (
				269785D32AF280F900D9829D /* CheckNetworkView.swift */,
			);
			path = InternetConnectionView;
			sourceTree = "<group>";
		};
		269785E02AF2905500D9829D /* SplashScreenView */ = {
			isa = PBXGroup;
			children = (
				269785E12AF2906900D9829D /* SplashScreenView.swift */,
			);
			path = SplashScreenView;
			sourceTree = "<group>";
		};
		269785E32AF2B7C800D9829D /* Helper */ = {
			isa = PBXGroup;
			children = (
				269785CA2AF278B500D9829D /* Services */,
			);
			path = Helper;
			sourceTree = "<group>";
		};
/* End PBXGroup section */

/* Begin PBXNativeTarget section */
		269785AC2AF24ED300D9829D /* SedinAssignment */ = {
			isa = PBXNativeTarget;
			buildConfigurationList = 269785BB2AF24ED900D9829D /* Build configuration list for PBXNativeTarget "SedinAssignment" */;
			buildPhases = (
				269785A92AF24ED300D9829D /* Sources */,
				269785AA2AF24ED300D9829D /* Frameworks */,
				269785AB2AF24ED300D9829D /* Resources */,
			);
			buildRules = (
			);
			dependencies = (
			);
			name = SedinAssignment;
			productName = SedinAssignment;
			productReference = 269785AD2AF24ED300D9829D /* SedinAssignment.app */;
			productType = "com.apple.product-type.application";
		};
/* End PBXNativeTarget section */

/* Begin PBXProject section */
		269785A52AF24ED300D9829D /* Project object */ = {
			isa = PBXProject;
			attributes = {
				BuildIndependentTargetsInParallel = 1;
				LastSwiftUpdateCheck = 1420;
				LastUpgradeCheck = 1420;
				TargetAttributes = {
					269785AC2AF24ED300D9829D = {
						CreatedOnToolsVersion = 14.2;
					};
				};
			};
			buildConfigurationList = 269785A82AF24ED300D9829D /* Build configuration list for PBXProject "SedinAssignment" */;
			compatibilityVersion = "Xcode 14.0";
			developmentRegion = en;
			hasScannedForEncodings = 0;
			knownRegions = (
				en,
				Base,
			);
			mainGroup = 269785A42AF24ED300D9829D;
			productRefGroup = 269785AE2AF24ED300D9829D /* Products */;
			projectDirPath = "";
			projectRoot = "";
			targets = (
				269785AC2AF24ED300D9829D /* SedinAssignment */,
			);
		};
/* End PBXProject section */

/* Begin PBXResourcesBuildPhase section */
		269785AB2AF24ED300D9829D /* Resources */ = {
			isa = PBXResourcesBuildPhase;
			buildActionMask = 2147483647;
			files = (
				269785B52AF24ED900D9829D /* Assets.xcassets in Resources */,
			);
			runOnlyForDeploymentPostprocessing = 0;
		};
/* End PBXResourcesBuildPhase section */

/* Begin PBXSourcesBuildPhase section */
		269785A92AF24ED300D9829D /* Sources */ = {
			isa = PBXSourcesBuildPhase;
			buildActionMask = 2147483647;
			files = (
				269785D42AF280F900D9829D /* CheckNetworkView.swift in Sources */,
				269785C92AF277A000D9829D /* ImageView.swift in Sources */,
				269785B12AF24ED400D9829D /* SedinAssignmentApp.swift in Sources */,
				269785C62AF2773F00D9829D /* CardView.swift in Sources */,
				269785D12AF27BB700D9829D /* InternetChecker.swift in Sources */,
				269785CC2AF278C800D9829D /* APIService.swift in Sources */,
				269785E22AF2906900D9829D /* SplashScreenView.swift in Sources */,
				269785E62AF2BA6500D9829D /* APIConfiguration.swift in Sources */,
				269785C22AF275DC00D9829D /* User.swift in Sources */,
				269785CE2AF2797700D9829D /* APIManager.swift in Sources */,
			);
			runOnlyForDeploymentPostprocessing = 0;
		};
/* End PBXSourcesBuildPhase section */

/* Begin XCBuildConfiguration section */
		269785B92AF24ED900D9829D /* Debug */ = {
			isa = XCBuildConfiguration;
			buildSettings = {
				ALWAYS_SEARCH_USER_PATHS = NO;
				CLANG_ANALYZER_NONNULL = YES;
				CLANG_ANALYZER_NUMBER_OBJECT_CONVERSION = YES_AGGRESSIVE;
				CLANG_CXX_LANGUAGE_STANDARD = "gnu++20";
				CLANG_ENABLE_MODULES = YES;
				CLANG_ENABLE_OBJC_ARC = YES;
				CLANG_ENABLE_OBJC_WEAK = YES;
				CLANG_WARN_BLOCK_CAPTURE_AUTORELEASING = YES;
				CLANG_WARN_BOOL_CONVERSION = YES;
				CLANG_WARN_COMMA = YES;
				CLANG_WARN_CONSTANT_CONVERSION = YES;
				CLANG_WARN_DEPRECATED_OBJC_IMPLEMENTATIONS = YES;
				CLANG_WARN_DIRECT_OBJC_ISA_USAGE = YES_ERROR;
				CLANG_WARN_DOCUMENTATION_COMMENTS = YES;
				CLANG_WARN_EMPTY_BODY = YES;
				CLANG_WARN_ENUM_CONVERSION = YES;
				CLANG_WARN_INFINITE_RECURSION = YES;
				CLANG_WARN_INT_CONVERSION = YES;
				CLANG_WARN_NON_LITERAL_NULL_CONVERSION = YES;
				CLANG_WARN_OBJC_IMPLICIT_RETAIN_SELF = YES;
				CLANG_WARN_OBJC_LITERAL_CONVERSION = YES;
				CLANG_WARN_OBJC_ROOT_CLASS = YES_ERROR;
				CLANG_WARN_QUOTED_INCLUDE_IN_FRAMEWORK_HEADER = YES;
				CLANG_WARN_RANGE_LOOP_ANALYSIS = YES;
				CLANG_WARN_STRICT_PROTOTYPES = YES;
				CLANG_WARN_SUSPICIOUS_MOVE = YES;
				CLANG_WARN_UNGUARDED_AVAILABILITY = YES_AGGRESSIVE;
				CLANG_WARN_UNREACHABLE_CODE = YES;
				CLANG_WARN__DUPLICATE_METHOD_MATCH = YES;
				COPY_PHASE_STRIP = NO;
				DEBUG_INFORMATION_FORMAT = dwarf;
				ENABLE_STRICT_OBJC_MSGSEND = YES;
				ENABLE_TESTABILITY = YES;
				GCC_C_LANGUAGE_STANDARD = gnu11;
				GCC_DYNAMIC_NO_PIC = NO;
				GCC_NO_COMMON_BLOCKS = YES;
				GCC_OPTIMIZATION_LEVEL = 0;
				GCC_PREPROCESSOR_DEFINITIONS = (
					"DEBUG=1",
					"$(inherited)",
				);
				GCC_WARN_64_TO_32_BIT_CONVERSION = YES;
				GCC_WARN_ABOUT_RETURN_TYPE = YES_ERROR;
				GCC_WARN_UNDECLARED_SELECTOR = YES;
				GCC_WARN_UNINITIALIZED_AUTOS = YES_AGGRESSIVE;
				GCC_WARN_UNUSED_FUNCTION = YES;
				GCC_WARN_UNUSED_VARIABLE = YES;
				IPHONEOS_DEPLOYMENT_TARGET = 16.2;
				MTL_ENABLE_DEBUG_INFO = INCLUDE_SOURCE;
				MTL_FAST_MATH = YES;
				ONLY_ACTIVE_ARCH = YES;
				SDKROOT = iphoneos;
				SWIFT_ACTIVE_COMPILATION_CONDITIONS = DEBUG;
				SWIFT_OPTIMIZATION_LEVEL = "-Onone";
			};
			name = Debug;
		};
		269785BA2AF24ED900D9829D /* Release */ = {
			isa = XCBuildConfiguration;
			buildSettings = {
				ALWAYS_SEARCH_USER_PATHS = NO;
				CLANG_ANALYZER_NONNULL = YES;
				CLANG_ANALYZER_NUMBER_OBJECT_CONVERSION = YES_AGGRESSIVE;
				CLANG_CXX_LANGUAGE_STANDARD = "gnu++20";
				CLANG_ENABLE_MODULES = YES;
				CLANG_ENABLE_OBJC_ARC = YES;
				CLANG_ENABLE_OBJC_WEAK = YES;
				CLANG_WARN_BLOCK_CAPTURE_AUTORELEASING = YES;
				CLANG_WARN_BOOL_CONVERSION = YES;
				CLANG_WARN_COMMA = YES;
				CLANG_WARN_CONSTANT_CONVERSION = YES;
				CLANG_WARN_DEPRECATED_OBJC_IMPLEMENTATIONS = YES;
				CLANG_WARN_DIRECT_OBJC_ISA_USAGE = YES_ERROR;
				CLANG_WARN_DOCUMENTATION_COMMENTS = YES;
				CLANG_WARN_EMPTY_BODY = YES;
				CLANG_WARN_ENUM_CONVERSION = YES;
				CLANG_WARN_INFINITE_RECURSION = YES;
				CLANG_WARN_INT_CONVERSION = YES;
				CLANG_WARN_NON_LITERAL_NULL_CONVERSION = YES;
				CLANG_WARN_OBJC_IMPLICIT_RETAIN_SELF = YES;
				CLANG_WARN_OBJC_LITERAL_CONVERSION = YES;
				CLANG_WARN_OBJC_ROOT_CLASS = YES_ERROR;
				CLANG_WARN_QUOTED_INCLUDE_IN_FRAMEWORK_HEADER = YES;
				CLANG_WARN_RANGE_LOOP_ANALYSIS = YES;
				CLANG_WARN_STRICT_PROTOTYPES = YES;
				CLANG_WARN_SUSPICIOUS_MOVE = YES;
				CLANG_WARN_UNGUARDED_AVAILABILITY = YES_AGGRESSIVE;
				CLANG_WARN_UNREACHABLE_CODE = YES;
				CLANG_WARN__DUPLICATE_METHOD_MATCH = YES;
				COPY_PHASE_STRIP = NO;
				DEBUG_INFORMATION_FORMAT = "dwarf-with-dsym";
				ENABLE_NS_ASSERTIONS = NO;
				ENABLE_STRICT_OBJC_MSGSEND = YES;
				GCC_C_LANGUAGE_STANDARD = gnu11;
				GCC_NO_COMMON_BLOCKS = YES;
				GCC_WARN_64_TO_32_BIT_CONVERSION = YES;
				GCC_WARN_ABOUT_RETURN_TYPE = YES_ERROR;
				GCC_WARN_UNDECLARED_SELECTOR = YES;
				GCC_WARN_UNINITIALIZED_AUTOS = YES_AGGRESSIVE;
				GCC_WARN_UNUSED_FUNCTION = YES;
				GCC_WARN_UNUSED_VARIABLE = YES;
				IPHONEOS_DEPLOYMENT_TARGET = 16.2;
				MTL_ENABLE_DEBUG_INFO = NO;
				MTL_FAST_MATH = YES;
				SDKROOT = iphoneos;
				SWIFT_COMPILATION_MODE = wholemodule;
				SWIFT_OPTIMIZATION_LEVEL = "-O";
				VALIDATE_PRODUCT = YES;
			};
			name = Release;
		};
		269785BC2AF24ED900D9829D /* Debug */ = {
			isa = XCBuildConfiguration;
			buildSettings = {
				ASSETCATALOG_COMPILER_APPICON_NAME = AppIcon;
				ASSETCATALOG_COMPILER_GLOBAL_ACCENT_COLOR_NAME = AccentColor;
				CODE_SIGN_STYLE = Automatic;
				CURRENT_PROJECT_VERSION = 1;
				DEVELOPMENT_TEAM = 69VRZP5LHD;
				ENABLE_PREVIEWS = YES;
				GENERATE_INFOPLIST_FILE = YES;
				INFOPLIST_KEY_UIApplicationSceneManifest_Generation = YES;
				INFOPLIST_KEY_UIApplicationSupportsIndirectInputEvents = YES;
				INFOPLIST_KEY_UILaunchScreen_Generation = YES;
				INFOPLIST_KEY_UISupportedInterfaceOrientations_iPad = "UIInterfaceOrientationPortrait UIInterfaceOrientationPortraitUpsideDown UIInterfaceOrientationLandscapeLeft UIInterfaceOrientationLandscapeRight";
				INFOPLIST_KEY_UISupportedInterfaceOrientations_iPhone = "UIInterfaceOrientationPortrait UIInterfaceOrientationLandscapeLeft UIInterfaceOrientationLandscapeRight";
				LD_RUNPATH_SEARCH_PATHS = (
					"$(inherited)",
					"@executable_path/Frameworks",
				);
				MARKETING_VERSION = 1.0;
				PRODUCT_BUNDLE_IDENTIFIER = sedin.SedinAssignment;
				PRODUCT_NAME = "$(TARGET_NAME)";
				SWIFT_EMIT_LOC_STRINGS = YES;
				SWIFT_VERSION = 5.0;
				TARGETED_DEVICE_FAMILY = "1,2";
			};
			name = Debug;
		};
		269785BD2AF24ED900D9829D /* Release */ = {
			isa = XCBuildConfiguration;
			buildSettings = {
				ASSETCATALOG_COMPILER_APPICON_NAME = AppIcon;
				ASSETCATALOG_COMPILER_GLOBAL_ACCENT_COLOR_NAME = AccentColor;
				CODE_SIGN_STYLE = Automatic;
				CURRENT_PROJECT_VERSION = 1;
				DEVELOPMENT_TEAM = 69VRZP5LHD;
				ENABLE_PREVIEWS = YES;
				GENERATE_INFOPLIST_FILE = YES;
				INFOPLIST_KEY_UIApplicationSceneManifest_Generation = YES;
				INFOPLIST_KEY_UIApplicationSupportsIndirectInputEvents = YES;
				INFOPLIST_KEY_UILaunchScreen_Generation = YES;
				INFOPLIST_KEY_UISupportedInterfaceOrientations_iPad = "UIInterfaceOrientationPortrait UIInterfaceOrientationPortraitUpsideDown UIInterfaceOrientationLandscapeLeft UIInterfaceOrientationLandscapeRight";
				INFOPLIST_KEY_UISupportedInterfaceOrientations_iPhone = "UIInterfaceOrientationPortrait UIInterfaceOrientationLandscapeLeft UIInterfaceOrientationLandscapeRight";
				LD_RUNPATH_SEARCH_PATHS = (
					"$(inherited)",
					"@executable_path/Frameworks",
				);
				MARKETING_VERSION = 1.0;
				PRODUCT_BUNDLE_IDENTIFIER = sedin.SedinAssignment;
				PRODUCT_NAME = "$(TARGET_NAME)";
				SWIFT_EMIT_LOC_STRINGS = YES;
				SWIFT_VERSION = 5.0;
				TARGETED_DEVICE_FAMILY = "1,2";
			};
			name = Release;
		};
/* End XCBuildConfiguration section */

/* Begin XCConfigurationList section */
		269785A82AF24ED300D9829D /* Build configuration list for PBXProject "SedinAssignment" */ = {
			isa = XCConfigurationList;
			buildConfigurations = (
				269785B92AF24ED900D9829D /* Debug */,
				269785BA2AF24ED900D9829D /* Release */,
			);
			defaultConfigurationIsVisible = 0;
			defaultConfigurationName = Release;
		};
		269785BB2AF24ED900D9829D /* Build configuration list for PBXNativeTarget "SedinAssignment" */ = {
			isa = XCConfigurationList;
			buildConfigurations = (
				269785BC2AF24ED900D9829D /* Debug */,
				269785BD2AF24ED900D9829D /* Release */,
			);
			defaultConfigurationIsVisible = 0;
			defaultConfigurationName = Release;
		};
/* End XCConfigurationList section */
	};
	rootObject = 269785A52AF24ED300D9829D /* Project object */;
}
